// !$*UTF8*$!
{
	archiveVersion = 1;
	classes = {
	};
	objectVersion = 55;
	objects = {

/* Begin PBXBuildFile section */
		829488EC286FB4CF0036DBFD /* AppDelegate.swift in Sources */ = {isa = PBXBuildFile; fileRef = 829488EB286FB4CF0036DBFD /* AppDelegate.swift */; };
		829488EE286FB4CF0036DBFD /* SceneDelegate.swift in Sources */ = {isa = PBXBuildFile; fileRef = 829488ED286FB4CF0036DBFD /* SceneDelegate.swift */; };
		829488F5286FB4D10036DBFD /* Assets.xcassets in Resources */ = {isa = PBXBuildFile; fileRef = 829488F4286FB4D10036DBFD /* Assets.xcassets */; };
		829488F8286FB4D10036DBFD /* LaunchScreen.storyboard in Resources */ = {isa = PBXBuildFile; fileRef = 829488F6286FB4D10036DBFD /* LaunchScreen.storyboard */; };
		829489152871EB530036DBFD /* HomePresenter.swift in Sources */ = {isa = PBXBuildFile; fileRef = 829489142871EB530036DBFD /* HomePresenter.swift */; };
		829489172871EB700036DBFD /* HomeRouter.swift in Sources */ = {isa = PBXBuildFile; fileRef = 829489162871EB700036DBFD /* HomeRouter.swift */; };
		829489192871EB7F0036DBFD /* HomeProtocols.swift in Sources */ = {isa = PBXBuildFile; fileRef = 829489182871EB7F0036DBFD /* HomeProtocols.swift */; };
		8294891B2871EBDA0036DBFD /* HomeViewController.swift in Sources */ = {isa = PBXBuildFile; fileRef = 8294891A2871EBDA0036DBFD /* HomeViewController.swift */; };
		8294891E2871EBFE0036DBFD /* PasswordCell.swift in Sources */ = {isa = PBXBuildFile; fileRef = 8294891D2871EBFE0036DBFD /* PasswordCell.swift */; };
		829489202871EC280036DBFD /* PasswordCell.xib in Resources */ = {isa = PBXBuildFile; fileRef = 8294891F2871EC280036DBFD /* PasswordCell.xib */; };
		829489222871ED140036DBFD /* PasswordEntity.swift in Sources */ = {isa = PBXBuildFile; fileRef = 829489212871ED140036DBFD /* PasswordEntity.swift */; };
		829489242871FCB10036DBFD /* HomeInteractor.swift in Sources */ = {isa = PBXBuildFile; fileRef = 829489232871FCB10036DBFD /* HomeInteractor.swift */; };
		829489262871FDCC0036DBFD /* UIAlertController+Extension.swift in Sources */ = {isa = PBXBuildFile; fileRef = 829489252871FDCC0036DBFD /* UIAlertController+Extension.swift */; };
		829489282871FDDF0036DBFD /* UIViewController+Extension.swift in Sources */ = {isa = PBXBuildFile; fileRef = 829489272871FDDF0036DBFD /* UIViewController+Extension.swift */; };
		8294892A2871FDF20036DBFD /* UIImageView+Extension.swift in Sources */ = {isa = PBXBuildFile; fileRef = 829489292871FDF20036DBFD /* UIImageView+Extension.swift */; };
		8294892C2871FE240036DBFD /* UICollectionView+Extension.swift in Sources */ = {isa = PBXBuildFile; fileRef = 8294892B2871FE240036DBFD /* UICollectionView+Extension.swift */; };
		8294892E2871FE3A0036DBFD /* ReusableView.swift in Sources */ = {isa = PBXBuildFile; fileRef = 8294892D2871FE3A0036DBFD /* ReusableView.swift */; };
		829489302871FE4C0036DBFD /* NibLoadableView.swift in Sources */ = {isa = PBXBuildFile; fileRef = 8294892F2871FE4C0036DBFD /* NibLoadableView.swift */; };
		829489332871FE830036DBFD /* LoadingViewPresenter.swift in Sources */ = {isa = PBXBuildFile; fileRef = 829489322871FE830036DBFD /* LoadingViewPresenter.swift */; };
		829489352871FE930036DBFD /* LoadingView.swift in Sources */ = {isa = PBXBuildFile; fileRef = 829489342871FE930036DBFD /* LoadingView.swift */; };
		82948937287201510036DBFD /* UIColor+Extension.swift in Sources */ = {isa = PBXBuildFile; fileRef = 82948936287201510036DBFD /* UIColor+Extension.swift */; };
		8294893A287201900036DBFD /* Color.xcassets in Resources */ = {isa = PBXBuildFile; fileRef = 82948939287201900036DBFD /* Color.xcassets */; };
		8294893C287207B00036DBFD /* UIView+Extension.swift in Sources */ = {isa = PBXBuildFile; fileRef = 8294893B287207B00036DBFD /* UIView+Extension.swift */; };
		8294893E287210960036DBFD /* NetworkLayer.swift in Sources */ = {isa = PBXBuildFile; fileRef = 8294893D287210960036DBFD /* NetworkLayer.swift */; };
		82948942287370C30036DBFD /* ServiceView.swift in Sources */ = {isa = PBXBuildFile; fileRef = 82948941287370C30036DBFD /* ServiceView.swift */; };
		8294894A2874603E0036DBFD /* KeychainService.swift in Sources */ = {isa = PBXBuildFile; fileRef = 829489492874603E0036DBFD /* KeychainService.swift */; };
		8294894C28747B5F0036DBFD /* Data+Extension.swift in Sources */ = {isa = PBXBuildFile; fileRef = 8294894B28747B5F0036DBFD /* Data+Extension.swift */; };
		A7D6787667450E07A4214C68 /* Pods_PasswordsApp.framework in Frameworks */ = {isa = PBXBuildFile; fileRef = 9E02DE8A2A28D41B9ECC4740 /* Pods_PasswordsApp.framework */; };
/* End PBXBuildFile section */

/* Begin PBXFileReference section */
		1E9432440C14C5FDE79E27C2 /* Pods-PasswordsApp.release.xcconfig */ = {isa = PBXFileReference; includeInIndex = 1; lastKnownFileType = text.xcconfig; name = "Pods-PasswordsApp.release.xcconfig"; path = "Target Support Files/Pods-PasswordsApp/Pods-PasswordsApp.release.xcconfig"; sourceTree = "<group>"; };
		829488E8286FB4CF0036DBFD /* PasswordsApp.app */ = {isa = PBXFileReference; explicitFileType = wrapper.application; includeInIndex = 0; path = PasswordsApp.app; sourceTree = BUILT_PRODUCTS_DIR; };
		829488EB286FB4CF0036DBFD /* AppDelegate.swift */ = {isa = PBXFileReference; lastKnownFileType = sourcecode.swift; path = AppDelegate.swift; sourceTree = "<group>"; };
		829488ED286FB4CF0036DBFD /* SceneDelegate.swift */ = {isa = PBXFileReference; lastKnownFileType = sourcecode.swift; path = SceneDelegate.swift; sourceTree = "<group>"; };
		829488F4286FB4D10036DBFD /* Assets.xcassets */ = {isa = PBXFileReference; lastKnownFileType = folder.assetcatalog; path = Assets.xcassets; sourceTree = "<group>"; };
		829488F7286FB4D10036DBFD /* Base */ = {isa = PBXFileReference; lastKnownFileType = file.storyboard; name = Base; path = Base.lproj/LaunchScreen.storyboard; sourceTree = "<group>"; };
		829488F9286FB4D10036DBFD /* Info.plist */ = {isa = PBXFileReference; lastKnownFileType = text.plist.xml; path = Info.plist; sourceTree = "<group>"; };
		829489142871EB530036DBFD /* HomePresenter.swift */ = {isa = PBXFileReference; lastKnownFileType = sourcecode.swift; path = HomePresenter.swift; sourceTree = "<group>"; };
		829489162871EB700036DBFD /* HomeRouter.swift */ = {isa = PBXFileReference; lastKnownFileType = sourcecode.swift; path = HomeRouter.swift; sourceTree = "<group>"; };
		829489182871EB7F0036DBFD /* HomeProtocols.swift */ = {isa = PBXFileReference; lastKnownFileType = sourcecode.swift; path = HomeProtocols.swift; sourceTree = "<group>"; };
		8294891A2871EBDA0036DBFD /* HomeViewController.swift */ = {isa = PBXFileReference; lastKnownFileType = sourcecode.swift; path = HomeViewController.swift; sourceTree = "<group>"; };
		8294891D2871EBFE0036DBFD /* PasswordCell.swift */ = {isa = PBXFileReference; lastKnownFileType = sourcecode.swift; path = PasswordCell.swift; sourceTree = "<group>"; };
		8294891F2871EC280036DBFD /* PasswordCell.xib */ = {isa = PBXFileReference; lastKnownFileType = file.xib; path = PasswordCell.xib; sourceTree = "<group>"; };
		829489212871ED140036DBFD /* PasswordEntity.swift */ = {isa = PBXFileReference; lastKnownFileType = sourcecode.swift; path = PasswordEntity.swift; sourceTree = "<group>"; };
		829489232871FCB10036DBFD /* HomeInteractor.swift */ = {isa = PBXFileReference; lastKnownFileType = sourcecode.swift; path = HomeInteractor.swift; sourceTree = "<group>"; };
		829489252871FDCC0036DBFD /* UIAlertController+Extension.swift */ = {isa = PBXFileReference; lastKnownFileType = sourcecode.swift; path = "UIAlertController+Extension.swift"; sourceTree = "<group>"; };
		829489272871FDDF0036DBFD /* UIViewController+Extension.swift */ = {isa = PBXFileReference; lastKnownFileType = sourcecode.swift; path = "UIViewController+Extension.swift"; sourceTree = "<group>"; };
		829489292871FDF20036DBFD /* UIImageView+Extension.swift */ = {isa = PBXFileReference; lastKnownFileType = sourcecode.swift; path = "UIImageView+Extension.swift"; sourceTree = "<group>"; };
		8294892B2871FE240036DBFD /* UICollectionView+Extension.swift */ = {isa = PBXFileReference; lastKnownFileType = sourcecode.swift; path = "UICollectionView+Extension.swift"; sourceTree = "<group>"; };
		8294892D2871FE3A0036DBFD /* ReusableView.swift */ = {isa = PBXFileReference; lastKnownFileType = sourcecode.swift; path = ReusableView.swift; sourceTree = "<group>"; };
		8294892F2871FE4C0036DBFD /* NibLoadableView.swift */ = {isa = PBXFileReference; lastKnownFileType = sourcecode.swift; path = NibLoadableView.swift; sourceTree = "<group>"; };
		829489322871FE830036DBFD /* LoadingViewPresenter.swift */ = {isa = PBXFileReference; lastKnownFileType = sourcecode.swift; path = LoadingViewPresenter.swift; sourceTree = "<group>"; };
		829489342871FE930036DBFD /* LoadingView.swift */ = {isa = PBXFileReference; lastKnownFileType = sourcecode.swift; path = LoadingView.swift; sourceTree = "<group>"; };
		82948936287201510036DBFD /* UIColor+Extension.swift */ = {isa = PBXFileReference; lastKnownFileType = sourcecode.swift; path = "UIColor+Extension.swift"; sourceTree = "<group>"; };
		82948939287201900036DBFD /* Color.xcassets */ = {isa = PBXFileReference; lastKnownFileType = folder.assetcatalog; path = Color.xcassets; sourceTree = "<group>"; };
		8294893B287207B00036DBFD /* UIView+Extension.swift */ = {isa = PBXFileReference; lastKnownFileType = sourcecode.swift; path = "UIView+Extension.swift"; sourceTree = "<group>"; };
		8294893D287210960036DBFD /* NetworkLayer.swift */ = {isa = PBXFileReference; lastKnownFileType = sourcecode.swift; path = NetworkLayer.swift; sourceTree = "<group>"; };
		82948941287370C30036DBFD /* ServiceView.swift */ = {isa = PBXFileReference; fileEncoding = 4; lastKnownFileType = sourcecode.swift; path = ServiceView.swift; sourceTree = "<group>"; };
		829489492874603E0036DBFD /* KeychainService.swift */ = {isa = PBXFileReference; lastKnownFileType = sourcecode.swift; path = KeychainService.swift; sourceTree = "<group>"; };
		8294894B28747B5F0036DBFD /* Data+Extension.swift */ = {isa = PBXFileReference; lastKnownFileType = sourcecode.swift; path = "Data+Extension.swift"; sourceTree = "<group>"; };
		9C1B472C1B8290960C616892 /* Pods-PasswordsApp.debug.xcconfig */ = {isa = PBXFileReference; includeInIndex = 1; lastKnownFileType = text.xcconfig; name = "Pods-PasswordsApp.debug.xcconfig"; path = "Target Support Files/Pods-PasswordsApp/Pods-PasswordsApp.debug.xcconfig"; sourceTree = "<group>"; };
		9E02DE8A2A28D41B9ECC4740 /* Pods_PasswordsApp.framework */ = {isa = PBXFileReference; explicitFileType = wrapper.framework; includeInIndex = 0; path = Pods_PasswordsApp.framework; sourceTree = BUILT_PRODUCTS_DIR; };
/* End PBXFileReference section */

/* Begin PBXFrameworksBuildPhase section */
		829488E5286FB4CF0036DBFD /* Frameworks */ = {
			isa = PBXFrameworksBuildPhase;
			buildActionMask = 2147483647;
			files = (
				A7D6787667450E07A4214C68 /* Pods_PasswordsApp.framework in Frameworks */,
			);
			runOnlyForDeploymentPostprocessing = 0;
		};
/* End PBXFrameworksBuildPhase section */

/* Begin PBXGroup section */
		829488DF286FB4CF0036DBFD = {
			isa = PBXGroup;
			children = (
				829488EA286FB4CF0036DBFD /* PasswordsApp */,
				829488E9286FB4CF0036DBFD /* Products */,
				AF05518E4C0196C80F02208D /* Pods */,
				85D605F9B56F18C97127E5D2 /* Frameworks */,
			);
			sourceTree = "<group>";
		};
		829488E9286FB4CF0036DBFD /* Products */ = {
			isa = PBXGroup;
			children = (
				829488E8286FB4CF0036DBFD /* PasswordsApp.app */,
			);
			name = Products;
			sourceTree = "<group>";
		};
		829488EA286FB4CF0036DBFD /* PasswordsApp */ = {
			isa = PBXGroup;
			children = (
				829488EB286FB4CF0036DBFD /* AppDelegate.swift */,
				829488ED286FB4CF0036DBFD /* SceneDelegate.swift */,
				829489072870ADA30036DBFD /* Common */,
				8294890B2870ADDF0036DBFD /* Module */,
				82948938287201630036DBFD /* Resource */,
				829488F9286FB4D10036DBFD /* Info.plist */,
			);
			path = PasswordsApp;
			sourceTree = "<group>";
		};
		829489072870ADA30036DBFD /* Common */ = {
			isa = PBXGroup;
			children = (
				829489082870ADB50036DBFD /* Extension */,
				829489092870ADBB0036DBFD /* UI */,
				8294890A2870ADC30036DBFD /* Service */,
			);
			path = Common;
			sourceTree = "<group>";
		};
		829489082870ADB50036DBFD /* Extension */ = {
			isa = PBXGroup;
			children = (
				829489252871FDCC0036DBFD /* UIAlertController+Extension.swift */,
				829489272871FDDF0036DBFD /* UIViewController+Extension.swift */,
				829489292871FDF20036DBFD /* UIImageView+Extension.swift */,
				8294892B2871FE240036DBFD /* UICollectionView+Extension.swift */,
				82948936287201510036DBFD /* UIColor+Extension.swift */,
				8294893B287207B00036DBFD /* UIView+Extension.swift */,
				8294894B28747B5F0036DBFD /* Data+Extension.swift */,
			);
			path = Extension;
			sourceTree = "<group>";
		};
		829489092870ADBB0036DBFD /* UI */ = {
			isa = PBXGroup;
			children = (
				8294892D2871FE3A0036DBFD /* ReusableView.swift */,
				8294892F2871FE4C0036DBFD /* NibLoadableView.swift */,
				829489312871FE5D0036DBFD /* Loading */,
				82948941287370C30036DBFD /* ServiceView.swift */,
			);
			path = UI;
			sourceTree = "<group>";
		};
		8294890A2870ADC30036DBFD /* Service */ = {
			isa = PBXGroup;
			children = (
				8294893D287210960036DBFD /* NetworkLayer.swift */,
				829489492874603E0036DBFD /* KeychainService.swift */,
			);
			path = Service;
			sourceTree = "<group>";
		};
		8294890B2870ADDF0036DBFD /* Module */ = {
			isa = PBXGroup;
			children = (
				8294890C2870AEAC0036DBFD /* Home */,
			);
			path = Module;
			sourceTree = "<group>";
		};
		8294890C2870AEAC0036DBFD /* Home */ = {
			isa = PBXGroup;
			children = (
				8294891C2871EBE80036DBFD /* PasswordCell */,
				829489182871EB7F0036DBFD /* HomeProtocols.swift */,
				829489162871EB700036DBFD /* HomeRouter.swift */,
				829489142871EB530036DBFD /* HomePresenter.swift */,
				829489232871FCB10036DBFD /* HomeInteractor.swift */,
				829489212871ED140036DBFD /* PasswordEntity.swift */,
				8294891A2871EBDA0036DBFD /* HomeViewController.swift */,
			);
			path = Home;
			sourceTree = "<group>";
		};
		8294891C2871EBE80036DBFD /* PasswordCell */ = {
			isa = PBXGroup;
			children = (
				8294891D2871EBFE0036DBFD /* PasswordCell.swift */,
				8294891F2871EC280036DBFD /* PasswordCell.xib */,
			);
			path = PasswordCell;
			sourceTree = "<group>";
		};
		829489312871FE5D0036DBFD /* Loading */ = {
			isa = PBXGroup;
			children = (
				829489322871FE830036DBFD /* LoadingViewPresenter.swift */,
				829489342871FE930036DBFD /* LoadingView.swift */,
			);
			path = Loading;
			sourceTree = "<group>";
		};
		82948938287201630036DBFD /* Resource */ = {
			isa = PBXGroup;
			children = (
				829488F6286FB4D10036DBFD /* LaunchScreen.storyboard */,
				829488F4286FB4D10036DBFD /* Assets.xcassets */,
				82948939287201900036DBFD /* Color.xcassets */,
			);
			path = Resource;
			sourceTree = "<group>";
		};
		85D605F9B56F18C97127E5D2 /* Frameworks */ = {
			isa = PBXGroup;
			children = (
				9E02DE8A2A28D41B9ECC4740 /* Pods_PasswordsApp.framework */,
			);
			name = Frameworks;
			sourceTree = "<group>";
		};
		AF05518E4C0196C80F02208D /* Pods */ = {
			isa = PBXGroup;
			children = (
				9C1B472C1B8290960C616892 /* Pods-PasswordsApp.debug.xcconfig */,
				1E9432440C14C5FDE79E27C2 /* Pods-PasswordsApp.release.xcconfig */,
			);
			path = Pods;
			sourceTree = "<group>";
		};
/* End PBXGroup section */

/* Begin PBXNativeTarget section */
		829488E7286FB4CF0036DBFD /* PasswordsApp */ = {
			isa = PBXNativeTarget;
			buildConfigurationList = 829488FC286FB4D10036DBFD /* Build configuration list for PBXNativeTarget "PasswordsApp" */;
			buildPhases = (
				6247EC06CAF99A4EAF40F80B /* [CP] Check Pods Manifest.lock */,
				829488E4286FB4CF0036DBFD /* Sources */,
				829488E5286FB4CF0036DBFD /* Frameworks */,
				829488E6286FB4CF0036DBFD /* Resources */,
				82948900286FBF2F0036DBFD /* SwiftLint */,
				943A99769A4083C58D76F8BF /* [CP] Embed Pods Frameworks */,
			);
			buildRules = (
			);
			dependencies = (
			);
			name = PasswordsApp;
			productName = PasswordsApp;
			productReference = 829488E8286FB4CF0036DBFD /* PasswordsApp.app */;
			productType = "com.apple.product-type.application";
		};
/* End PBXNativeTarget section */

/* Begin PBXProject section */
		829488E0286FB4CF0036DBFD /* Project object */ = {
			isa = PBXProject;
			attributes = {
				BuildIndependentTargetsInParallel = 1;
				LastSwiftUpdateCheck = 1330;
				LastUpgradeCheck = 1330;
				TargetAttributes = {
					829488E7286FB4CF0036DBFD = {
						CreatedOnToolsVersion = 13.3.1;
					};
				};
			};
			buildConfigurationList = 829488E3286FB4CF0036DBFD /* Build configuration list for PBXProject "PasswordsApp" */;
			compatibilityVersion = "Xcode 13.0";
			developmentRegion = en;
			hasScannedForEncodings = 0;
			knownRegions = (
				en,
				Base,
			);
			mainGroup = 829488DF286FB4CF0036DBFD;
			productRefGroup = 829488E9286FB4CF0036DBFD /* Products */;
			projectDirPath = "";
			projectRoot = "";
			targets = (
				829488E7286FB4CF0036DBFD /* PasswordsApp */,
			);
		};
/* End PBXProject section */

/* Begin PBXResourcesBuildPhase section */
		829488E6286FB4CF0036DBFD /* Resources */ = {
			isa = PBXResourcesBuildPhase;
			buildActionMask = 2147483647;
			files = (
				829488F8286FB4D10036DBFD /* LaunchScreen.storyboard in Resources */,
				8294893A287201900036DBFD /* Color.xcassets in Resources */,
				829488F5286FB4D10036DBFD /* Assets.xcassets in Resources */,
				829489202871EC280036DBFD /* PasswordCell.xib in Resources */,
			);
			runOnlyForDeploymentPostprocessing = 0;
		};
/* End PBXResourcesBuildPhase section */

/* Begin PBXShellScriptBuildPhase section */
		6247EC06CAF99A4EAF40F80B /* [CP] Check Pods Manifest.lock */ = {
			isa = PBXShellScriptBuildPhase;
			buildActionMask = 2147483647;
			files = (
			);
			inputFileListPaths = (
			);
			inputPaths = (
				"${PODS_PODFILE_DIR_PATH}/Podfile.lock",
				"${PODS_ROOT}/Manifest.lock",
			);
			name = "[CP] Check Pods Manifest.lock";
			outputFileListPaths = (
			);
			outputPaths = (
				"$(DERIVED_FILE_DIR)/Pods-PasswordsApp-checkManifestLockResult.txt",
			);
			runOnlyForDeploymentPostprocessing = 0;
			shellPath = /bin/sh;
			shellScript = "diff \"${PODS_PODFILE_DIR_PATH}/Podfile.lock\" \"${PODS_ROOT}/Manifest.lock\" > /dev/null\nif [ $? != 0 ] ; then\n    # print error to STDERR\n    echo \"error: The sandbox is not in sync with the Podfile.lock. Run 'pod install' or update your CocoaPods installation.\" >&2\n    exit 1\nfi\n# This output is used by Xcode 'outputs' to avoid re-running this script phase.\necho \"SUCCESS\" > \"${SCRIPT_OUTPUT_FILE_0}\"\n";
			showEnvVarsInLog = 0;
		};
		82948900286FBF2F0036DBFD /* SwiftLint */ = {
			isa = PBXShellScriptBuildPhase;
			buildActionMask = 2147483647;
			files = (
			);
			inputFileListPaths = (
			);
			inputPaths = (
			);
			name = SwiftLint;
			outputFileListPaths = (
			);
			outputPaths = (
			);
			runOnlyForDeploymentPostprocessing = 0;
			shellPath = /bin/sh;
			shellScript = "# Type a script or drag a script file from your workspace to insert its path.\nexport PATH=\"$PATH:/opt/homebrew/bin\"\nif which swiftlint > /dev/null; then\n  swiftlint\nelse\n  echo \"warning: SwiftLint not installed, download from https://github.com/realm/SwiftLint\"\nfi\n";
		};
		943A99769A4083C58D76F8BF /* [CP] Embed Pods Frameworks */ = {
			isa = PBXShellScriptBuildPhase;
			buildActionMask = 2147483647;
			files = (
			);
			inputFileListPaths = (
				"${PODS_ROOT}/Target Support Files/Pods-PasswordsApp/Pods-PasswordsApp-frameworks-${CONFIGURATION}-input-files.xcfilelist",
			);
			name = "[CP] Embed Pods Frameworks";
			outputFileListPaths = (
				"${PODS_ROOT}/Target Support Files/Pods-PasswordsApp/Pods-PasswordsApp-frameworks-${CONFIGURATION}-output-files.xcfilelist",
			);
			runOnlyForDeploymentPostprocessing = 0;
			shellPath = /bin/sh;
			shellScript = "\"${PODS_ROOT}/Target Support Files/Pods-PasswordsApp/Pods-PasswordsApp-frameworks.sh\"\n";
			showEnvVarsInLog = 0;
		};
/* End PBXShellScriptBuildPhase section */

/* Begin PBXSourcesBuildPhase section */
		829488E4286FB4CF0036DBFD /* Sources */ = {
			isa = PBXSourcesBuildPhase;
			buildActionMask = 2147483647;
			files = (
				829489152871EB530036DBFD /* HomePresenter.swift in Sources */,
				829489282871FDDF0036DBFD /* UIViewController+Extension.swift in Sources */,
				8294891E2871EBFE0036DBFD /* PasswordCell.swift in Sources */,
				82948937287201510036DBFD /* UIColor+Extension.swift in Sources */,
				8294893E287210960036DBFD /* NetworkLayer.swift in Sources */,
				829489192871EB7F0036DBFD /* HomeProtocols.swift in Sources */,
				829489352871FE930036DBFD /* LoadingView.swift in Sources */,
				829489172871EB700036DBFD /* HomeRouter.swift in Sources */,
				8294894A2874603E0036DBFD /* KeychainService.swift in Sources */,
				8294892E2871FE3A0036DBFD /* ReusableView.swift in Sources */,
				829489332871FE830036DBFD /* LoadingViewPresenter.swift in Sources */,
				829489302871FE4C0036DBFD /* NibLoadableView.swift in Sources */,
				8294894C28747B5F0036DBFD /* Data+Extension.swift in Sources */,
				829488EC286FB4CF0036DBFD /* AppDelegate.swift in Sources */,
				8294892C2871FE240036DBFD /* UICollectionView+Extension.swift in Sources */,
				8294893C287207B00036DBFD /* UIView+Extension.swift in Sources */,
				8294892A2871FDF20036DBFD /* UIImageView+Extension.swift in Sources */,
				829488EE286FB4CF0036DBFD /* SceneDelegate.swift in Sources */,
				82948942287370C30036DBFD /* ServiceView.swift in Sources */,
				829489262871FDCC0036DBFD /* UIAlertController+Extension.swift in Sources */,
				829489242871FCB10036DBFD /* HomeInteractor.swift in Sources */,
				8294891B2871EBDA0036DBFD /* HomeViewController.swift in Sources */,
				829489222871ED140036DBFD /* PasswordEntity.swift in Sources */,
			);
			runOnlyForDeploymentPostprocessing = 0;
		};
/* End PBXSourcesBuildPhase section */

/* Begin PBXVariantGroup section */
		829488F6286FB4D10036DBFD /* LaunchScreen.storyboard */ = {
			isa = PBXVariantGroup;
			children = (
				829488F7286FB4D10036DBFD /* Base */,
			);
			name = LaunchScreen.storyboard;
			sourceTree = "<group>";
		};
/* End PBXVariantGroup section */

/* Begin XCBuildConfiguration section */
		829488FA286FB4D10036DBFD /* Debug */ = {
			isa = XCBuildConfiguration;
			buildSettings = {
				ALWAYS_SEARCH_USER_PATHS = NO;
				CLANG_ANALYZER_NONNULL = YES;
				CLANG_ANALYZER_NUMBER_OBJECT_CONVERSION = YES_AGGRESSIVE;
				CLANG_CXX_LANGUAGE_STANDARD = "gnu++17";
				CLANG_ENABLE_MODULES = YES;
				CLANG_ENABLE_OBJC_ARC = YES;
				CLANG_ENABLE_OBJC_WEAK = YES;
				CLANG_WARN_BLOCK_CAPTURE_AUTORELEASING = YES;
				CLANG_WARN_BOOL_CONVERSION = YES;
				CLANG_WARN_COMMA = YES;
				CLANG_WARN_CONSTANT_CONVERSION = YES;
				CLANG_WARN_DEPRECATED_OBJC_IMPLEMENTATIONS = YES;
				CLANG_WARN_DIRECT_OBJC_ISA_USAGE = YES_ERROR;
				CLANG_WARN_DOCUMENTATION_COMMENTS = YES;
				CLANG_WARN_EMPTY_BODY = YES;
				CLANG_WARN_ENUM_CONVERSION = YES;
				CLANG_WARN_INFINITE_RECURSION = YES;
				CLANG_WARN_INT_CONVERSION = YES;
				CLANG_WARN_NON_LITERAL_NULL_CONVERSION = YES;
				CLANG_WARN_OBJC_IMPLICIT_RETAIN_SELF = YES;
				CLANG_WARN_OBJC_LITERAL_CONVERSION = YES;
				CLANG_WARN_OBJC_ROOT_CLASS = YES_ERROR;
				CLANG_WARN_QUOTED_INCLUDE_IN_FRAMEWORK_HEADER = YES;
				CLANG_WARN_RANGE_LOOP_ANALYSIS = YES;
				CLANG_WARN_STRICT_PROTOTYPES = YES;
				CLANG_WARN_SUSPICIOUS_MOVE = YES;
				CLANG_WARN_UNGUARDED_AVAILABILITY = YES_AGGRESSIVE;
				CLANG_WARN_UNREACHABLE_CODE = YES;
				CLANG_WARN__DUPLICATE_METHOD_MATCH = YES;
				COPY_PHASE_STRIP = NO;
				DEBUG_INFORMATION_FORMAT = dwarf;
				ENABLE_STRICT_OBJC_MSGSEND = YES;
				ENABLE_TESTABILITY = YES;
				GCC_C_LANGUAGE_STANDARD = gnu11;
				GCC_DYNAMIC_NO_PIC = NO;
				GCC_NO_COMMON_BLOCKS = YES;
				GCC_OPTIMIZATION_LEVEL = 0;
				GCC_PREPROCESSOR_DEFINITIONS = (
					"DEBUG=1",
					"$(inherited)",
				);
				GCC_WARN_64_TO_32_BIT_CONVERSION = YES;
				GCC_WARN_ABOUT_RETURN_TYPE = YES_ERROR;
				GCC_WARN_UNDECLARED_SELECTOR = YES;
				GCC_WARN_UNINITIALIZED_AUTOS = YES_AGGRESSIVE;
				GCC_WARN_UNUSED_FUNCTION = YES;
				GCC_WARN_UNUSED_VARIABLE = YES;
				IPHONEOS_DEPLOYMENT_TARGET = 15.4;
				MTL_ENABLE_DEBUG_INFO = INCLUDE_SOURCE;
				MTL_FAST_MATH = YES;
				ONLY_ACTIVE_ARCH = YES;
				SDKROOT = iphoneos;
				SWIFT_ACTIVE_COMPILATION_CONDITIONS = DEBUG;
				SWIFT_OPTIMIZATION_LEVEL = "-Onone";
			};
			name = Debug;
		};
		829488FB286FB4D10036DBFD /* Release */ = {
			isa = XCBuildConfiguration;
			buildSettings = {
				ALWAYS_SEARCH_USER_PATHS = NO;
				CLANG_ANALYZER_NONNULL = YES;
				CLANG_ANALYZER_NUMBER_OBJECT_CONVERSION = YES_AGGRESSIVE;
				CLANG_CXX_LANGUAGE_STANDARD = "gnu++17";
				CLANG_ENABLE_MODULES = YES;
				CLANG_ENABLE_OBJC_ARC = YES;
				CLANG_ENABLE_OBJC_WEAK = YES;
				CLANG_WARN_BLOCK_CAPTURE_AUTORELEASING = YES;
				CLANG_WARN_BOOL_CONVERSION = YES;
				CLANG_WARN_COMMA = YES;
				CLANG_WARN_CONSTANT_CONVERSION = YES;
				CLANG_WARN_DEPRECATED_OBJC_IMPLEMENTATIONS = YES;
				CLANG_WARN_DIRECT_OBJC_ISA_USAGE = YES_ERROR;
				CLANG_WARN_DOCUMENTATION_COMMENTS = YES;
				CLANG_WARN_EMPTY_BODY = YES;
				CLANG_WARN_ENUM_CONVERSION = YES;
				CLANG_WARN_INFINITE_RECURSION = YES;
				CLANG_WARN_INT_CONVERSION = YES;
				CLANG_WARN_NON_LITERAL_NULL_CONVERSION = YES;
				CLANG_WARN_OBJC_IMPLICIT_RETAIN_SELF = YES;
				CLANG_WARN_OBJC_LITERAL_CONVERSION = YES;
				CLANG_WARN_OBJC_ROOT_CLASS = YES_ERROR;
				CLANG_WARN_QUOTED_INCLUDE_IN_FRAMEWORK_HEADER = YES;
				CLANG_WARN_RANGE_LOOP_ANALYSIS = YES;
				CLANG_WARN_STRICT_PROTOTYPES = YES;
				CLANG_WARN_SUSPICIOUS_MOVE = YES;
				CLANG_WARN_UNGUARDED_AVAILABILITY = YES_AGGRESSIVE;
				CLANG_WARN_UNREACHABLE_CODE = YES;
				CLANG_WARN__DUPLICATE_METHOD_MATCH = YES;
				COPY_PHASE_STRIP = NO;
				DEBUG_INFORMATION_FORMAT = "dwarf-with-dsym";
				ENABLE_NS_ASSERTIONS = NO;
				ENABLE_STRICT_OBJC_MSGSEND = YES;
				GCC_C_LANGUAGE_STANDARD = gnu11;
				GCC_NO_COMMON_BLOCKS = YES;
				GCC_WARN_64_TO_32_BIT_CONVERSION = YES;
				GCC_WARN_ABOUT_RETURN_TYPE = YES_ERROR;
				GCC_WARN_UNDECLARED_SELECTOR = YES;
				GCC_WARN_UNINITIALIZED_AUTOS = YES_AGGRESSIVE;
				GCC_WARN_UNUSED_FUNCTION = YES;
				GCC_WARN_UNUSED_VARIABLE = YES;
				IPHONEOS_DEPLOYMENT_TARGET = 15.4;
				MTL_ENABLE_DEBUG_INFO = NO;
				MTL_FAST_MATH = YES;
				SDKROOT = iphoneos;
				SWIFT_COMPILATION_MODE = wholemodule;
				SWIFT_OPTIMIZATION_LEVEL = "-O";
				VALIDATE_PRODUCT = YES;
			};
			name = Release;
		};
		829488FD286FB4D10036DBFD /* Debug */ = {
			isa = XCBuildConfiguration;
			baseConfigurationReference = 9C1B472C1B8290960C616892 /* Pods-PasswordsApp.debug.xcconfig */;
			buildSettings = {
				ASSETCATALOG_COMPILER_APPICON_NAME = AppIcon;
				ASSETCATALOG_COMPILER_GLOBAL_ACCENT_COLOR_NAME = AccentColor;
				CODE_SIGN_STYLE = Automatic;
				CURRENT_PROJECT_VERSION = 1;
				DEVELOPMENT_TEAM = 3868R87QJX;
				GENERATE_INFOPLIST_FILE = YES;
				INFOPLIST_FILE = PasswordsApp/Info.plist;
				INFOPLIST_KEY_UIApplicationSupportsIndirectInputEvents = YES;
				INFOPLIST_KEY_UILaunchStoryboardName = LaunchScreen;
				INFOPLIST_KEY_UISupportedInterfaceOrientations_iPad = "UIInterfaceOrientationPortrait UIInterfaceOrientationPortraitUpsideDown UIInterfaceOrientationLandscapeLeft UIInterfaceOrientationLandscapeRight";
				INFOPLIST_KEY_UISupportedInterfaceOrientations_iPhone = "UIInterfaceOrientationPortrait UIInterfaceOrientationLandscapeLeft UIInterfaceOrientationLandscapeRight";
				LD_RUNPATH_SEARCH_PATHS = (
					"$(inherited)",
					"@executable_path/Frameworks",
				);
				MARKETING_VERSION = 1.0;
				PRODUCT_BUNDLE_IDENTIFIER = com.romanrakhlin.PasswordsApp;
				PRODUCT_NAME = "$(TARGET_NAME)";
				SWIFT_EMIT_LOC_STRINGS = YES;
				SWIFT_VERSION = 5.0;
				TARGETED_DEVICE_FAMILY = 1;
			};
			name = Debug;
		};
		829488FE286FB4D10036DBFD /* Release */ = {
			isa = XCBuildConfiguration;
			baseConfigurationReference = 1E9432440C14C5FDE79E27C2 /* Pods-PasswordsApp.release.xcconfig */;
			buildSettings = {
				ASSETCATALOG_COMPILER_APPICON_NAME = AppIcon;
				ASSETCATALOG_COMPILER_GLOBAL_ACCENT_COLOR_NAME = AccentColor;
				CODE_SIGN_STYLE = Automatic;
				CURRENT_PROJECT_VERSION = 1;
				DEVELOPMENT_TEAM = 3868R87QJX;
				GENERATE_INFOPLIST_FILE = YES;
				INFOPLIST_FILE = PasswordsApp/Info.plist;
				INFOPLIST_KEY_UIApplicationSupportsIndirectInputEvents = YES;
				INFOPLIST_KEY_UILaunchStoryboardName = LaunchScreen;
				INFOPLIST_KEY_UISupportedInterfaceOrientations_iPad = "UIInterfaceOrientationPortrait UIInterfaceOrientationPortraitUpsideDown UIInterfaceOrientationLandscapeLeft UIInterfaceOrientationLandscapeRight";
				INFOPLIST_KEY_UISupportedInterfaceOrientations_iPhone = "UIInterfaceOrientationPortrait UIInterfaceOrientationLandscapeLeft UIInterfaceOrientationLandscapeRight";
				LD_RUNPATH_SEARCH_PATHS = (
					"$(inherited)",
					"@executable_path/Frameworks",
				);
				MARKETING_VERSION = 1.0;
				PRODUCT_BUNDLE_IDENTIFIER = com.romanrakhlin.PasswordsApp;
				PRODUCT_NAME = "$(TARGET_NAME)";
				SWIFT_EMIT_LOC_STRINGS = YES;
				SWIFT_VERSION = 5.0;
				TARGETED_DEVICE_FAMILY = 1;
			};
			name = Release;
		};
/* End XCBuildConfiguration section */

/* Begin XCConfigurationList section */
		829488E3286FB4CF0036DBFD /* Build configuration list for PBXProject "PasswordsApp" */ = {
			isa = XCConfigurationList;
			buildConfigurations = (
				829488FA286FB4D10036DBFD /* Debug */,
				829488FB286FB4D10036DBFD /* Release */,
			);
			defaultConfigurationIsVisible = 0;
			defaultConfigurationName = Release;
		};
		829488FC286FB4D10036DBFD /* Build configuration list for PBXNativeTarget "PasswordsApp" */ = {
			isa = XCConfigurationList;
			buildConfigurations = (
				829488FD286FB4D10036DBFD /* Debug */,
				829488FE286FB4D10036DBFD /* Release */,
			);
			defaultConfigurationIsVisible = 0;
			defaultConfigurationName = Release;
		};
/* End XCConfigurationList section */
	};
	rootObject = 829488E0286FB4CF0036DBFD /* Project object */;
}
